
Microsoft Visual Studio Solution File, Format Version 12.00
# Visual Studio Version 17
VisualStudioVersion = 17.7.34202.233
MinimumVisualStudioVersion = 10.0.40219.1
Project("{9A19103F-16F7-4668-BE54-9A1E7A4F7556}") = "sigSGAPI", "sigSGAPI\sigSGAPI.csproj", "{844287C7-8798-4C57-A4F3-AEDAACD72686}"
EndProject
Project("{FAE04EC0-301F-11D3-BF4B-00C04F79EFBC}") = "sigSG.BussinesLayer", "sigSG.BussinesLayer\sigSG.BussinesLayer.csproj", "{3D677508-818D-46EB-AE82-FC54F8D038CA}"
EndProject
Project("{FAE04EC0-301F-11D3-BF4B-00C04F79EFBC}") = "sigSG.DataLayer", "sigSG.DataLayer\sigSG.DataLayer.csproj", "{E1554C60-87E4-4F51-A535-6815AF5BF05F}"
EndProject
Project("{FAE04EC0-301F-11D3-BF4B-00C04F79EFBC}") = "sigSG.ModelsLayer", "sigSG.ModelsLayer\sigSG.ModelsLayer.csproj", "{C6E2A0C7-BF67-44BF-B680-11A43E15BC6C}"
EndProject
Global
	GlobalSection(SolutionConfigurationPlatforms) = preSolution
		Debug|Any CPU = Debug|Any CPU
		Release|Any CPU = Release|Any CPU
	EndGlobalSection
	GlobalSection(ProjectConfigurationPlatforms) = postSolution
		{844287C7-8798-4C57-A4F3-AEDAACD72686}.Debug|Any CPU.ActiveCfg = Debug|Any CPU
		{844287C7-8798-4C57-A4F3-AEDAACD72686}.Debug|Any CPU.Build.0 = Debug|Any CPU
		{844287C7-8798-4C57-A4F3-AEDAACD72686}.Release|Any CPU.ActiveCfg = Release|Any CPU
		{844287C7-8798-4C57-A4F3-AEDAACD72686}.Release|Any CPU.Build.0 = Release|Any CPU
		{3D677508-818D-46EB-AE82-FC54F8D038CA}.Debug|Any CPU.ActiveCfg = Debug|Any CPU
		{3D677508-818D-46EB-AE82-FC54F8D038CA}.Debug|Any CPU.Build.0 = Debug|Any CPU
		{3D677508-818D-46EB-AE82-FC54F8D038CA}.Release|Any CPU.ActiveCfg = Release|Any CPU
		{3D677508-818D-46EB-AE82-FC54F8D038CA}.Release|Any CPU.Build.0 = Release|Any CPU
		{E1554C60-87E4-4F51-A535-6815AF5BF05F}.Debug|Any CPU.ActiveCfg = Debug|Any CPU
		{E1554C60-87E4-4F51-A535-6815AF5BF05F}.Debug|Any CPU.Build.0 = Debug|Any CPU
		{E1554C60-87E4-4F51-A535-6815AF5BF05F}.Release|Any CPU.ActiveCfg = Release|Any CPU
		{E1554C60-87E4-4F51-A535-6815AF5BF05F}.Release|Any CPU.Build.0 = Release|Any CPU
		{C6E2A0C7-BF67-44BF-B680-11A43E15BC6C}.Debug|Any CPU.ActiveCfg = Debug|Any CPU
		{C6E2A0C7-BF67-44BF-B680-11A43E15BC6C}.Debug|Any CPU.Build.0 = Debug|Any CPU
		{C6E2A0C7-BF67-44BF-B680-11A43E15BC6C}.Release|Any CPU.ActiveCfg = Release|Any CPU
		{C6E2A0C7-BF67-44BF-B680-11A43E15BC6C}.Release|Any CPU.Build.0 = Release|Any CPU
	EndGlobalSection
	GlobalSection(SolutionProperties) = preSolution
		HideSolutionNode = FALSE
	EndGlobalSection
	GlobalSection(ExtensibilityGlobals) = postSolution
		SolutionGuid = {728CB26F-3C91-4AFE-904C-4CEC63D59ED3}
	EndGlobalSection
EndGlobal
